
Microsoft Visual Studio Solution File, Format Version 12.00
# Visual Studio Version 16
VisualStudioVersion = 16.0.31019.35
MinimumVisualStudioVersion = 10.0.40219.1
Project("{8BC9CEB8-8B4A-11D0-8D11-00A0C91BC942}") = "AT_Project_01", "AT_Project_01\AT_Project_01.vcxproj", "{C4B99CD7-62A5-4B2C-8E6C-6A0D23A26632}"
EndProject
Global
	GlobalSection(SolutionConfigurationPlatforms) = preSolution
		Debug|x64 = Debug|x64
		Debug|x86 = Debug|x86
		Release|x64 = Release|x64
		Release|x86 = Release|x86
	EndGlobalSection
	GlobalSection(ProjectConfigurationPlatforms) = postSolution
		{C4B99CD7-62A5-4B2C-8E6C-6A0D23A26632}.Debug|x64.ActiveCfg = Debug|x64
		{C4B99CD7-62A5-4B2C-8E6C-6A0D23A26632}.Debug|x64.Build.0 = Debug|x64
		{C4B99CD7-62A5-4B2C-8E6C-6A0D23A26632}.Debug|x86.ActiveCfg = Debug|Win32
		{C4B99CD7-62A5-4B2C-8E6C-6A0D23A26632}.Debug|x86.Build.0 = Debug|Win32
		{C4B99CD7-62A5-4B2C-8E6C-6A0D23A26632}.Release|x64.ActiveCfg = Release|x64
		{C4B99CD7-62A5-4B2C-8E6C-6A0D23A26632}.Release|x64.Build.0 = Release|x64
		{C4B99CD7-62A5-4B2C-8E6C-6A0D23A26632}.Release|x86.ActiveCfg = Release|Win32
		{C4B99CD7-62A5-4B2C-8E6C-6A0D23A26632}.Release|x86.Build.0 = Release|Win32
	EndGlobalSection
	GlobalSection(SolutionProperties) = preSolution
		HideSolutionNode = FALSE
	EndGlobalSection
	GlobalSection(ExtensibilityGlobals) = postSolution
		SolutionGuid = {4E686871-A83B-498B-8D3F-B2EDACCE1EF8}
	EndGlobalSection
EndGlobal
